
Microsoft Visual Studio Solution File, Format Version 12.00
# Visual Studio Version 17
VisualStudioVersion = 17.11.35303.130
MinimumVisualStudioVersion = 10.0.40219.1
Project("{9A19103F-16F7-4668-BE54-9A1E7A4F7556}") = "CapaLogica", "CapaLogica\CapaLogica.csproj", "{BCD17039-DE78-408C-BE47-5407FEC96416}"
EndProject
Project("{FAE04EC0-301F-11D3-BF4B-00C04F79EFBC}") = "CapaPresentacion", "CapaPresentacion\CapaPresentacion.csproj", "{0207B449-4B80-4F45-9E69-A6508C37869F}"
EndProject
Project("{FAE04EC0-301F-11D3-BF4B-00C04F79EFBC}") = "CapaDePersistencia", "CapaDePersistencia\CapaDePersistencia.csproj", "{88AE2CCD-8A73-4FC6-BAEC-3EA88CA19F6A}"
EndProject
Global
	GlobalSection(SolutionConfigurationPlatforms) = preSolution
		Debug|Any CPU = Debug|Any CPU
		Release|Any CPU = Release|Any CPU
	EndGlobalSection
	GlobalSection(ProjectConfigurationPlatforms) = postSolution
		{BCD17039-DE78-408C-BE47-5407FEC96416}.Debug|Any CPU.ActiveCfg = Debug|Any CPU
		{BCD17039-DE78-408C-BE47-5407FEC96416}.Debug|Any CPU.Build.0 = Debug|Any CPU
		{BCD17039-DE78-408C-BE47-5407FEC96416}.Release|Any CPU.ActiveCfg = Release|Any CPU
		{BCD17039-DE78-408C-BE47-5407FEC96416}.Release|Any CPU.Build.0 = Release|Any CPU
		{0207B449-4B80-4F45-9E69-A6508C37869F}.Debug|Any CPU.ActiveCfg = Debug|Any CPU
		{0207B449-4B80-4F45-9E69-A6508C37869F}.Debug|Any CPU.Build.0 = Debug|Any CPU
		{0207B449-4B80-4F45-9E69-A6508C37869F}.Release|Any CPU.ActiveCfg = Release|Any CPU
		{0207B449-4B80-4F45-9E69-A6508C37869F}.Release|Any CPU.Build.0 = Release|Any CPU
		{88AE2CCD-8A73-4FC6-BAEC-3EA88CA19F6A}.Debug|Any CPU.ActiveCfg = Debug|Any CPU
		{88AE2CCD-8A73-4FC6-BAEC-3EA88CA19F6A}.Debug|Any CPU.Build.0 = Debug|Any CPU
		{88AE2CCD-8A73-4FC6-BAEC-3EA88CA19F6A}.Release|Any CPU.ActiveCfg = Release|Any CPU
		{88AE2CCD-8A73-4FC6-BAEC-3EA88CA19F6A}.Release|Any CPU.Build.0 = Release|Any CPU
	EndGlobalSection
	GlobalSection(SolutionProperties) = preSolution
		HideSolutionNode = FALSE
	EndGlobalSection
	GlobalSection(ExtensibilityGlobals) = postSolution
		SolutionGuid = {A485B265-20C9-46C2-ADAC-ED9F15BFAC6D}
	EndGlobalSection
EndGlobal
